// !$*UTF8*$!
{
	archiveVersion = 1;
	classes = {
	};
	objectVersion = 46;
	objects = {

/* Begin PBXBuildFile section */
		D669AA0B1B72A872003602D5 /* AppDelegate.swift in Sources */ = {isa = PBXBuildFile; fileRef = D669AA0A1B72A872003602D5 /* AppDelegate.swift */; };
		D669AA0D1B72A872003602D5 /* RootViewController.swift in Sources */ = {isa = PBXBuildFile; fileRef = D669AA0C1B72A872003602D5 /* RootViewController.swift */; };
		D669AA0F1B72A872003602D5 /* DataViewController.swift in Sources */ = {isa = PBXBuildFile; fileRef = D669AA0E1B72A872003602D5 /* DataViewController.swift */; };
		D669AA111B72A872003602D5 /* ModelController.swift in Sources */ = {isa = PBXBuildFile; fileRef = D669AA101B72A872003602D5 /* ModelController.swift */; };
		D669AA141B72A872003602D5 /* Main.storyboard in Resources */ = {isa = PBXBuildFile; fileRef = D669AA121B72A872003602D5 /* Main.storyboard */; };
		D669AA161B72A872003602D5 /* Images.xcassets in Resources */ = {isa = PBXBuildFile; fileRef = D669AA151B72A872003602D5 /* Images.xcassets */; };
		D669AA191B72A872003602D5 /* LaunchScreen.xib in Resources */ = {isa = PBXBuildFile; fileRef = D669AA171B72A872003602D5 /* LaunchScreen.xib */; };
		D669AA251B72A872003602D5 /* KHETests.swift in Sources */ = {isa = PBXBuildFile; fileRef = D669AA241B72A872003602D5 /* KHETests.swift */; };
/* End PBXBuildFile section */

/* Begin PBXContainerItemProxy section */
		D669AA1F1B72A872003602D5 /* PBXContainerItemProxy */ = {
			isa = PBXContainerItemProxy;
			containerPortal = D669A9FD1B72A872003602D5 /* Project object */;
			proxyType = 1;
			remoteGlobalIDString = D669AA041B72A872003602D5;
			remoteInfo = KHE;
		};
/* End PBXContainerItemProxy section */

/* Begin PBXFileReference section */
		D669AA051B72A872003602D5 /* KHE.app */ = {isa = PBXFileReference; explicitFileType = wrapper.application; includeInIndex = 0; path = KHE.app; sourceTree = BUILT_PRODUCTS_DIR; };
		D669AA091B72A872003602D5 /* Info.plist */ = {isa = PBXFileReference; lastKnownFileType = text.plist.xml; path = Info.plist; sourceTree = "<group>"; };
		D669AA0A1B72A872003602D5 /* AppDelegate.swift */ = {isa = PBXFileReference; lastKnownFileType = sourcecode.swift; path = AppDelegate.swift; sourceTree = "<group>"; };
		D669AA0C1B72A872003602D5 /* RootViewController.swift */ = {isa = PBXFileReference; lastKnownFileType = sourcecode.swift; path = RootViewController.swift; sourceTree = "<group>"; };
		D669AA0E1B72A872003602D5 /* DataViewController.swift */ = {isa = PBXFileReference; lastKnownFileType = sourcecode.swift; path = DataViewController.swift; sourceTree = "<group>"; };
		D669AA101B72A872003602D5 /* ModelController.swift */ = {isa = PBXFileReference; lastKnownFileType = sourcecode.swift; path = ModelController.swift; sourceTree = "<group>"; };
		D669AA131B72A872003602D5 /* Base */ = {isa = PBXFileReference; lastKnownFileType = file.storyboard; name = Base; path = Base.lproj/Main.storyboard; sourceTree = "<group>"; };
		D669AA151B72A872003602D5 /* Images.xcassets */ = {isa = PBXFileReference; lastKnownFileType = folder.assetcatalog; path = Images.xcassets; sourceTree = "<group>"; };
		D669AA181B72A872003602D5 /* Base */ = {isa = PBXFileReference; lastKnownFileType = file.xib; name = Base; path = Base.lproj/LaunchScreen.xib; sourceTree = "<group>"; };
		D669AA1E1B72A872003602D5 /* KHETests.xctest */ = {isa = PBXFileReference; explicitFileType = wrapper.cfbundle; includeInIndex = 0; path = KHETests.xctest; sourceTree = BUILT_PRODUCTS_DIR; };
		D669AA231B72A872003602D5 /* Info.plist */ = {isa = PBXFileReference; lastKnownFileType = text.plist.xml; path = Info.plist; sourceTree = "<group>"; };
		D669AA241B72A872003602D5 /* KHETests.swift */ = {isa = PBXFileReference; lastKnownFileType = sourcecode.swift; path = KHETests.swift; sourceTree = "<group>"; };
/* End PBXFileReference section */

/* Begin PBXFrameworksBuildPhase section */
		D669AA021B72A872003602D5 /* Frameworks */ = {
			isa = PBXFrameworksBuildPhase;
			buildActionMask = 2147483647;
			files = (
			);
			runOnlyForDeploymentPostprocessing = 0;
		};
		D669AA1B1B72A872003602D5 /* Frameworks */ = {
			isa = PBXFrameworksBuildPhase;
			buildActionMask = 2147483647;
			files = (
			);
			runOnlyForDeploymentPostprocessing = 0;
		};
/* End PBXFrameworksBuildPhase section */

/* Begin PBXGroup section */
		D669A9FC1B72A872003602D5 = {
			isa = PBXGroup;
			children = (
				D669AA071B72A872003602D5 /* KHE */,
				D669AA211B72A872003602D5 /* KHETests */,
				D669AA061B72A872003602D5 /* Products */,
			);
			sourceTree = "<group>";
		};
		D669AA061B72A872003602D5 /* Products */ = {
			isa = PBXGroup;
			children = (
				D669AA051B72A872003602D5 /* KHE.app */,
				D669AA1E1B72A872003602D5 /* KHETests.xctest */,
			);
			name = Products;
			sourceTree = "<group>";
		};
		D669AA071B72A872003602D5 /* KHE */ = {
			isa = PBXGroup;
			children = (
				D669AA0A1B72A872003602D5 /* AppDelegate.swift */,
				D669AA0C1B72A872003602D5 /* RootViewController.swift */,
				D669AA0E1B72A872003602D5 /* DataViewController.swift */,
				D669AA101B72A872003602D5 /* ModelController.swift */,
				D669AA121B72A872003602D5 /* Main.storyboard */,
				D669AA151B72A872003602D5 /* Images.xcassets */,
				D669AA171B72A872003602D5 /* LaunchScreen.xib */,
				D669AA081B72A872003602D5 /* Supporting Files */,
			);
			path = KHE;
			sourceTree = "<group>";
		};
		D669AA081B72A872003602D5 /* Supporting Files */ = {
			isa = PBXGroup;
			children = (
				D669AA091B72A872003602D5 /* Info.plist */,
			);
			name = "Supporting Files";
			sourceTree = "<group>";
		};
		D669AA211B72A872003602D5 /* KHETests */ = {
			isa = PBXGroup;
			children = (
				D669AA241B72A872003602D5 /* KHETests.swift */,
				D669AA221B72A872003602D5 /* Supporting Files */,
			);
			path = KHETests;
			sourceTree = "<group>";
		};
		D669AA221B72A872003602D5 /* Supporting Files */ = {
			isa = PBXGroup;
			children = (
				D669AA231B72A872003602D5 /* Info.plist */,
			);
			name = "Supporting Files";
			sourceTree = "<group>";
		};
/* End PBXGroup section */

/* Begin PBXNativeTarget section */
		D669AA041B72A872003602D5 /* KHE */ = {
			isa = PBXNativeTarget;
			buildConfigurationList = D669AA281B72A872003602D5 /* Build configuration list for PBXNativeTarget "KHE" */;
			buildPhases = (
				D669AA011B72A872003602D5 /* Sources */,
				D669AA021B72A872003602D5 /* Frameworks */,
				D669AA031B72A872003602D5 /* Resources */,
			);
			buildRules = (
			);
			dependencies = (
			);
			name = KHE;
			productName = KHE;
			productReference = D669AA051B72A872003602D5 /* KHE.app */;
			productType = "com.apple.product-type.application";
		};
		D669AA1D1B72A872003602D5 /* KHETests */ = {
			isa = PBXNativeTarget;
			buildConfigurationList = D669AA2B1B72A872003602D5 /* Build configuration list for PBXNativeTarget "KHETests" */;
			buildPhases = (
				D669AA1A1B72A872003602D5 /* Sources */,
				D669AA1B1B72A872003602D5 /* Frameworks */,
				D669AA1C1B72A872003602D5 /* Resources */,
			);
			buildRules = (
			);
			dependencies = (
				D669AA201B72A872003602D5 /* PBXTargetDependency */,
			);
			name = KHETests;
			productName = KHETests;
			productReference = D669AA1E1B72A872003602D5 /* KHETests.xctest */;
			productType = "com.apple.product-type.bundle.unit-test";
		};
/* End PBXNativeTarget section */

/* Begin PBXProject section */
		D669A9FD1B72A872003602D5 /* Project object */ = {
			isa = PBXProject;
			attributes = {
				LastUpgradeCheck = 0630;
				ORGANIZATIONNAME = HacKSU;
				TargetAttributes = {
					D669AA041B72A872003602D5 = {
						CreatedOnToolsVersion = 6.3;
					};
					D669AA1D1B72A872003602D5 = {
						CreatedOnToolsVersion = 6.3;
						TestTargetID = D669AA041B72A872003602D5;
					};
				};
			};
			buildConfigurationList = D669AA001B72A872003602D5 /* Build configuration list for PBXProject "KHE" */;
			compatibilityVersion = "Xcode 3.2";
			developmentRegion = English;
			hasScannedForEncodings = 0;
			knownRegions = (
				en,
				Base,
			);
			mainGroup = D669A9FC1B72A872003602D5;
			productRefGroup = D669AA061B72A872003602D5 /* Products */;
			projectDirPath = "";
			projectRoot = "";
			targets = (
				D669AA041B72A872003602D5 /* KHE */,
				D669AA1D1B72A872003602D5 /* KHETests */,
			);
		};
/* End PBXProject section */

/* Begin PBXResourcesBuildPhase section */
		D669AA031B72A872003602D5 /* Resources */ = {
			isa = PBXResourcesBuildPhase;
			buildActionMask = 2147483647;
			files = (
				D669AA141B72A872003602D5 /* Main.storyboard in Resources */,
				D669AA191B72A872003602D5 /* LaunchScreen.xib in Resources */,
				D669AA161B72A872003602D5 /* Images.xcassets in Resources */,
			);
			runOnlyForDeploymentPostprocessing = 0;
		};
		D669AA1C1B72A872003602D5 /* Resources */ = {
			isa = PBXResourcesBuildPhase;
			buildActionMask = 2147483647;
			files = (
			);
			runOnlyForDeploymentPostprocessing = 0;
		};
/* End PBXResourcesBuildPhase section */

/* Begin PBXSourcesBuildPhase section */
		D669AA011B72A872003602D5 /* Sources */ = {
			isa = PBXSourcesBuildPhase;
			buildActionMask = 2147483647;
			files = (
				D669AA0D1B72A872003602D5 /* RootViewController.swift in Sources */,
				D669AA111B72A872003602D5 /* ModelController.swift in Sources */,
				D669AA0F1B72A872003602D5 /* DataViewController.swift in Sources */,
				D669AA0B1B72A872003602D5 /* AppDelegate.swift in Sources */,
			);
			runOnlyForDeploymentPostprocessing = 0;
		};
		D669AA1A1B72A872003602D5 /* Sources */ = {
			isa = PBXSourcesBuildPhase;
			buildActionMask = 2147483647;
			files = (
				D669AA251B72A872003602D5 /* KHETests.swift in Sources */,
			);
			runOnlyForDeploymentPostprocessing = 0;
		};
/* End PBXSourcesBuildPhase section */

/* Begin PBXTargetDependency section */
		D669AA201B72A872003602D5 /* PBXTargetDependency */ = {
			isa = PBXTargetDependency;
			target = D669AA041B72A872003602D5 /* KHE */;
			targetProxy = D669AA1F1B72A872003602D5 /* PBXContainerItemProxy */;
		};
/* End PBXTargetDependency section */

/* Begin PBXVariantGroup section */
		D669AA121B72A872003602D5 /* Main.storyboard */ = {
			isa = PBXVariantGroup;
			children = (
				D669AA131B72A872003602D5 /* Base */,
			);
			name = Main.storyboard;
			sourceTree = "<group>";
		};
		D669AA171B72A872003602D5 /* LaunchScreen.xib */ = {
			isa = PBXVariantGroup;
			children = (
				D669AA181B72A872003602D5 /* Base */,
			);
			name = LaunchScreen.xib;
			sourceTree = "<group>";
		};
/* End PBXVariantGroup section */

/* Begin XCBuildConfiguration section */
		D669AA261B72A872003602D5 /* Debug */ = {
			isa = XCBuildConfiguration;
			buildSettings = {
				ALWAYS_SEARCH_USER_PATHS = NO;
				CLANG_CXX_LANGUAGE_STANDARD = "gnu++0x";
				CLANG_CXX_LIBRARY = "libc++";
				CLANG_ENABLE_MODULES = YES;
				CLANG_ENABLE_OBJC_ARC = YES;
				CLANG_WARN_BOOL_CONVERSION = YES;
				CLANG_WARN_CONSTANT_CONVERSION = YES;
				CLANG_WARN_DIRECT_OBJC_ISA_USAGE = YES_ERROR;
				CLANG_WARN_EMPTY_BODY = YES;
				CLANG_WARN_ENUM_CONVERSION = YES;
				CLANG_WARN_INT_CONVERSION = YES;
				CLANG_WARN_OBJC_ROOT_CLASS = YES_ERROR;
				CLANG_WARN_UNREACHABLE_CODE = YES;
				CLANG_WARN__DUPLICATE_METHOD_MATCH = YES;
				"CODE_SIGN_IDENTITY[sdk=iphoneos*]" = "iPhone Developer";
				COPY_PHASE_STRIP = NO;
				DEBUG_INFORMATION_FORMAT = "dwarf-with-dsym";
				ENABLE_STRICT_OBJC_MSGSEND = YES;
				GCC_C_LANGUAGE_STANDARD = gnu99;
				GCC_DYNAMIC_NO_PIC = NO;
				GCC_NO_COMMON_BLOCKS = YES;
				GCC_OPTIMIZATION_LEVEL = 0;
				GCC_PREPROCESSOR_DEFINITIONS = (
					"DEBUG=1",
					"$(inherited)",
				);
				GCC_SYMBOLS_PRIVATE_EXTERN = NO;
				GCC_WARN_64_TO_32_BIT_CONVERSION = YES;
				GCC_WARN_ABOUT_RETURN_TYPE = YES_ERROR;
				GCC_WARN_UNDECLARED_SELECTOR = YES;
				GCC_WARN_UNINITIALIZED_AUTOS = YES_AGGRESSIVE;
				GCC_WARN_UNUSED_FUNCTION = YES;
				GCC_WARN_UNUSED_VARIABLE = YES;
				IPHONEOS_DEPLOYMENT_TARGET = 8.3;
				MTL_ENABLE_DEBUG_INFO = YES;
				ONLY_ACTIVE_ARCH = YES;
				SDKROOT = iphoneos;
				SWIFT_OPTIMIZATION_LEVEL = "-Onone";
			};
			name = Debug;
		};
		D669AA271B72A872003602D5 /* Release */ = {
			isa = XCBuildConfiguration;
			buildSettings = {
				ALWAYS_SEARCH_USER_PATHS = NO;
				CLANG_CXX_LANGUAGE_STANDARD = "gnu++0x";
				CLANG_CXX_LIBRARY = "libc++";
				CLANG_ENABLE_MODULES = YES;
				CLANG_ENABLE_OBJC_ARC = YES;
				CLANG_WARN_BOOL_CONVERSION = YES;
				CLANG_WARN_CONSTANT_CONVERSION = YES;
				CLANG_WARN_DIRECT_OBJC_ISA_USAGE = YES_ERROR;
				CLANG_WARN_EMPTY_BODY = YES;
				CLANG_WARN_ENUM_CONVERSION = YES;
				CLANG_WARN_INT_CONVERSION = YES;
				CLANG_WARN_OBJC_ROOT_CLASS = YES_ERROR;
				CLANG_WARN_UNREACHABLE_CODE = YES;
				CLANG_WARN__DUPLICATE_METHOD_MATCH = YES;
				"CODE_SIGN_IDENTITY[sdk=iphoneos*]" = "iPhone Developer";
				COPY_PHASE_STRIP = NO;
				DEBUG_INFORMATION_FORMAT = "dwarf-with-dsym";
				ENABLE_NS_ASSERTIONS = NO;
				ENABLE_STRICT_OBJC_MSGSEND = YES;
				GCC_C_LANGUAGE_STANDARD = gnu99;
				GCC_NO_COMMON_BLOCKS = YES;
				GCC_WARN_64_TO_32_BIT_CONVERSION = YES;
				GCC_WARN_ABOUT_RETURN_TYPE = YES_ERROR;
				GCC_WARN_UNDECLARED_SELECTOR = YES;
				GCC_WARN_UNINITIALIZED_AUTOS = YES_AGGRESSIVE;
				GCC_WARN_UNUSED_FUNCTION = YES;
				GCC_WARN_UNUSED_VARIABLE = YES;
				IPHONEOS_DEPLOYMENT_TARGET = 8.3;
				MTL_ENABLE_DEBUG_INFO = NO;
				SDKROOT = iphoneos;
				VALIDATE_PRODUCT = YES;
			};
			name = Release;
		};
		D669AA291B72A872003602D5 /* Debug */ = {
			isa = XCBuildConfiguration;
			buildSettings = {
				ASSETCATALOG_COMPILER_APPICON_NAME = AppIcon;
				INFOPLIST_FILE = KHE/Info.plist;
				LD_RUNPATH_SEARCH_PATHS = "$(inherited) @executable_path/Frameworks";
				PRODUCT_NAME = "$(TARGET_NAME)";
			};
			name = Debug;
		};
		D669AA2A1B72A872003602D5 /* Release */ = {
			isa = XCBuildConfiguration;
			buildSettings = {
				ASSETCATALOG_COMPILER_APPICON_NAME = AppIcon;
				INFOPLIST_FILE = KHE/Info.plist;
				LD_RUNPATH_SEARCH_PATHS = "$(inherited) @executable_path/Frameworks";
				PRODUCT_NAME = "$(TARGET_NAME)";
			};
			name = Release;
		};
		D669AA2C1B72A872003602D5 /* Debug */ = {
			isa = XCBuildConfiguration;
			buildSettings = {
				BUNDLE_LOADER = "$(TEST_HOST)";
				FRAMEWORK_SEARCH_PATHS = (
					"$(SDKROOT)/Developer/Library/Frameworks",
					"$(inherited)",
				);
				GCC_PREPROCESSOR_DEFINITIONS = (
					"DEBUG=1",
					"$(inherited)",
				);
				INFOPLIST_FILE = KHETests/Info.plist;
				LD_RUNPATH_SEARCH_PATHS = "$(inherited) @executable_path/Frameworks @loader_path/Frameworks";
				PRODUCT_NAME = "$(TARGET_NAME)";
				TEST_HOST = "$(BUILT_PRODUCTS_DIR)/KHE.app/KHE";
			};
			name = Debug;
		};
		D669AA2D1B72A872003602D5 /* Release */ = {
			isa = XCBuildConfiguration;
			buildSettings = {
				BUNDLE_LOADER = "$(TEST_HOST)";
				FRAMEWORK_SEARCH_PATHS = (
					"$(SDKROOT)/Developer/Library/Frameworks",
					"$(inherited)",
				);
				INFOPLIST_FILE = KHETests/Info.plist;
				LD_RUNPATH_SEARCH_PATHS = "$(inherited) @executable_path/Frameworks @loader_path/Frameworks";
				PRODUCT_NAME = "$(TARGET_NAME)";
				TEST_HOST = "$(BUILT_PRODUCTS_DIR)/KHE.app/KHE";
			};
			name = Release;
		};
/* End XCBuildConfiguration section */

/* Begin XCConfigurationList section */
		D669AA001B72A872003602D5 /* Build configuration list for PBXProject "KHE" */ = {
			isa = XCConfigurationList;
			buildConfigurations = (
				D669AA261B72A872003602D5 /* Debug */,
				D669AA271B72A872003602D5 /* Release */,
			);
			defaultConfigurationIsVisible = 0;
			defaultConfigurationName = Release;
		};
		D669AA281B72A872003602D5 /* Build configuration list for PBXNativeTarget "KHE" */ = {
			isa = XCConfigurationList;
			buildConfigurations = (
				D669AA291B72A872003602D5 /* Debug */,
				D669AA2A1B72A872003602D5 /* Release */,
			);
			defaultConfigurationIsVisible = 0;
		};
		D669AA2B1B72A872003602D5 /* Build configuration list for PBXNativeTarget "KHETests" */ = {
			isa = XCConfigurationList;
			buildConfigurations = (
				D669AA2C1B72A872003602D5 /* Debug */,
				D669AA2D1B72A872003602D5 /* Release */,
			);
			defaultConfigurationIsVisible = 0;
		};
/* End XCConfigurationList section */
	};
	rootObject = D669A9FD1B72A872003602D5 /* Project object */;
}
